
Microsoft Visual Studio Solution File, Format Version 12.00
# Visual Studio 15
VisualStudioVersion = 15.0.27130.2010
MinimumVisualStudioVersion = 10.0.40219.1
Project("{FAE04EC0-301F-11D3-BF4B-00C04F79EFBC}") = "DependenciesTest", "DependenciesTest\DependenciesTest.csproj", "{56C05C71-4AF4-4D4D-8A02-66C36BBF9B18}"
EndProject
Project("{FAE04EC0-301F-11D3-BF4B-00C04F79EFBC}") = "DependenciesTest.Tests", "DependenciesTest.Tests\DependenciesTest.Tests.csproj", "{217CD704-A501-4F13-BD8C-63577ABE63EC}"
EndProject
Global
	GlobalSection(SolutionConfigurationPlatforms) = preSolution
		Debug|Any CPU = Debug|Any CPU
		Release|Any CPU = Release|Any CPU
	EndGlobalSection
	GlobalSection(ProjectConfigurationPlatforms) = postSolution
		{56C05C71-4AF4-4D4D-8A02-66C36BBF9B18}.Debug|Any CPU.ActiveCfg = Debug|Any CPU
		{56C05C71-4AF4-4D4D-8A02-66C36BBF9B18}.Debug|Any CPU.Build.0 = Debug|Any CPU
		{56C05C71-4AF4-4D4D-8A02-66C36BBF9B18}.Release|Any CPU.ActiveCfg = Release|Any CPU
		{56C05C71-4AF4-4D4D-8A02-66C36BBF9B18}.Release|Any CPU.Build.0 = Release|Any CPU
		{217CD704-A501-4F13-BD8C-63577ABE63EC}.Debug|Any CPU.ActiveCfg = Debug|Any CPU
		{217CD704-A501-4F13-BD8C-63577ABE63EC}.Debug|Any CPU.Build.0 = Debug|Any CPU
		{217CD704-A501-4F13-BD8C-63577ABE63EC}.Release|Any CPU.ActiveCfg = Release|Any CPU
		{217CD704-A501-4F13-BD8C-63577ABE63EC}.Release|Any CPU.Build.0 = Release|Any CPU
	EndGlobalSection
	GlobalSection(SolutionProperties) = preSolution
		HideSolutionNode = FALSE
	EndGlobalSection
	GlobalSection(ExtensibilityGlobals) = postSolution
		SolutionGuid = {C87B12F5-24C2-4371-BAFE-283A0673BEEC}
	EndGlobalSection
EndGlobal
